<?xml version="1.0" encoding="utf-8"?>
<Project ToolsVersion="4.0" xmlns="http://schemas.microsoft.com/developer/msbuild/2003">
  <ItemGroup>
    <Filter Include="Source Files">
      <UniqueIdentifier>{046fdb37-9cfe-4205-8052-c6c4b0e3278c}</UniqueIdentifier>
      <Extensions>cpp;c;cxx;rc;def;r;odl;idl;hpj;bat</Extensions>
    </Filter>
    <Filter Include="Header Files">
      <UniqueIdentifier>{74bfeb78-259c-481f-a47c-45e3f628c9be}</UniqueIdentifier>
      <Extensions>h;hpp;hxx;hm;inl</Extensions>
    </Filter>
    <Filter Include="Resource Files">
      <UniqueIdentifier>{b25c208f-3b09-47f8-a132-3a32cd9640f6}</UniqueIdentifier>
      <Extensions>ico;cur;bmp;dlg;rc2;rct;bin;rgs;gif;jpg;jpeg;jpe</Extensions>
    </Filter>
  </ItemGroup>
  <ItemGroup>
    <ClCompile Include="AlarmTypeParse.cpp">
      <Filter>Source Files</Filter>
    </ClCompile>
    <ClCompile Include="CxPTZButton.cpp">
      <Filter>Source Files</Filter>
    </ClCompile>
    <ClCompile Include="OCXDemo.cpp">
      <Filter>Source Files</Filter>
    </ClCompile>
    <ClCompile Include="OCXDemoDlg.cpp">
      <Filter>Source Files</Filter>
    </ClCompile>
    <ClCompile Include="StdAfx.cpp">
      <Filter>Source Files</Filter>
    </ClCompile>
    <ClCompile Include="DlgTransparent.cpp">
      <Filter>Source Files</Filter>
    </ClCompile>
    <ClCompile Include="DlgRecSearch1078.cpp">
      <Filter>Source Files</Filter>
    </ClCompile>
    <ClCompile Include="cmsv6ocx.cpp">
      <Filter>Source Files</Filter>
    </ClCompile>
    <ClCompile Include="DlgUserSession.cpp">
      <Filter>Source Files</Filter>
    </ClCompile>
  </ItemGroup>
  <ItemGroup>
    <ResourceCompile Include="OCXDemo.rc">
      <Filter>Source Files</Filter>
    </ResourceCompile>
  </ItemGroup>
  <ItemGroup>
    <ClInclude Include="AlarmTypeParse.h">
      <Filter>Header Files</Filter>
    </ClInclude>
    <ClInclude Include="CxPTZButton.h">
      <Filter>Header Files</Filter>
    </ClInclude>
    <ClInclude Include="OCXDemo.h">
      <Filter>Header Files</Filter>
    </ClInclude>
    <ClInclude Include="OCXDemoDlg.h">
      <Filter>Header Files</Filter>
    </ClInclude>
    <ClInclude Include="Resource.h">
      <Filter>Header Files</Filter>
    </ClInclude>
    <ClInclude Include="StdAfx.h">
      <Filter>Header Files</Filter>
    </ClInclude>
    <ClInclude Include="DlgTransparent.h">
      <Filter>Header Files</Filter>
    </ClInclude>
    <ClInclude Include="DlgRecSearch1078.h">
      <Filter>Header Files</Filter>
    </ClInclude>
    <ClInclude Include="cmsv6ocx.h">
      <Filter>Header Files</Filter>
    </ClInclude>
    <ClInclude Include="DlgUserSession.h">
      <Filter>Header Files</Filter>
    </ClInclude>
  </ItemGroup>
  <ItemGroup>
    <CustomBuild Include="res\icon2.ico">
      <Filter>Resource Files</Filter>
    </CustomBuild>
    <CustomBuild Include="res\OCXDemo.ico">
      <Filter>Resource Files</Filter>
    </CustomBuild>
    <CustomBuild Include="res\OCXDemo.rc2">
      <Filter>Resource Files</Filter>
    </CustomBuild>
    <CustomBuild Include="res\play_normal.ico">
      <Filter>Resource Files</Filter>
    </CustomBuild>
    <CustomBuild Include="res\play_over.ico">
      <Filter>Resource Files</Filter>
    </CustomBuild>
    <CustomBuild Include="ReadMe.txt" />
  </ItemGroup>
</Project>