
Microsoft Visual Studio Solution File, Format Version 12.00
# Visual Studio 15
VisualStudioVersion = 15.0.28307.102
MinimumVisualStudioVersion = 10.0.40219.1
Project("{8BC9CEB8-8B4A-11D0-8D11-00A0C91BC942}") = "OCXDemo", "OCXDemo.vcxproj", "{69816788-7C16-4F93-193B-2BE61DD601AD}"
EndProject
Global
	GlobalSection(SolutionConfigurationPlatforms) = preSolution
		Debug|Win32 = Debug|Win32
		Release|Win32 = Release|Win32
	EndGlobalSection
	GlobalSection(ProjectConfigurationPlatforms) = postSolution
		{69816788-7C16-4F93-193B-2BE61DD601AD}.Debug|Win32.ActiveCfg = Debug|Win32
		{69816788-7C16-4F93-193B-2BE61DD601AD}.Debug|Win32.Build.0 = Debug|Win32
		{69816788-7C16-4F93-193B-2BE61DD601AD}.Release|Win32.ActiveCfg = Release|Win32
		{69816788-7C16-4F93-193B-2BE61DD601AD}.Release|Win32.Build.0 = Release|Win32
	EndGlobalSection
	GlobalSection(SolutionProperties) = preSolution
		HideSolutionNode = FALSE
	EndGlobalSection
	GlobalSection(ExtensibilityGlobals) = postSolution
		SolutionGuid = {12B9C49D-B892-44B1-98F0-526B785C66F2}
	EndGlobalSection
EndGlobal
